{
  "name": "九两酒商城-客户端-kt",
  "lockfileVersion": 3,
  "requires": true,
  "packages": {
    "": {
      "dependencies": {
        "dayjs": "^1.11.13",
        "pinia-plugin-persistedstate": "^4.4.1",
        "xe-utils": "^3.7.5"
      }
    },
    "node_modules/dayjs": {
      "version": "1.11.13",
      "resolved": "https://registry.npmmirror.com/dayjs/-/dayjs-1.11.13.tgz",
      "integrity": "sha512-oaMBel6gjolK862uaPQOVTA7q3TZhuSvuMQAAglQDOWYO9A91IrAOUJEyKVlqJlHE0vq5p5UXxzdPfMH/x6xNg==",
      "license": "MIT"
    },
    "node_modules/deep-pick-omit": {
      "version": "1.2.1",
      "resolved": "https://registry.npmmirror.com/deep-pick-omit/-/deep-pick-omit-1.2.1.tgz",
      "integrity": "sha512-2J6Kc/m3irCeqVG42T+SaUMesaK7oGWaedGnQQK/+O0gYc+2SP5bKh/KKTE7d7SJ+GCA9UUE1GRzh6oDe0EnGw==",
      "license": "MIT"
    },
    "node_modules/defu": {
      "version": "6.1.4",
      "resolved": "https://registry.npmmirror.com/defu/-/defu-6.1.4.tgz",
      "integrity": "sha512-mEQCMmwJu317oSz8CwdIOdwf3xMif1ttiM8LTufzc3g6kR+9Pe236twL8j3IYT1F7GfRgGcW6MWxzZjLIkuHIg==",
      "license": "MIT"
    },
    "node_modules/destr": {
      "version": "2.0.5",
      "resolved": "https://registry.npmmirror.com/destr/-/destr-2.0.5.tgz",
      "integrity": "sha512-ugFTXCtDZunbzasqBxrK93Ik/DRYsO6S/fedkWEMKqt04xZ4csmnmwGDBAb07QWNaGMAmnTIemsYZCksjATwsA==",
      "license": "MIT"
    },
    "node_modules/pinia-plugin-persistedstate": {
      "version": "4.4.1",
      "resolved": "https://registry.npmmirror.com/pinia-plugin-persistedstate/-/pinia-plugin-persistedstate-4.4.1.tgz",
      "integrity": "sha512-lmuMPpXla2zJKjxEq34e1E9P9jxkWEhcVwwioCCE0izG45kkTOvQfCzvwhW3i38cvnaWC7T1eRdkd15Re59ldw==",
      "license": "MIT",
      "dependencies": {
        "deep-pick-omit": "^1.2.1",
        "defu": "^6.1.4",
        "destr": "^2.0.5"
      },
      "peerDependencies": {
        "@nuxt/kit": ">=3.0.0",
        "@pinia/nuxt": ">=0.10.0",
        "pinia": ">=3.0.0"
      },
      "peerDependenciesMeta": {
        "@nuxt/kit": {
          "optional": true
        },
        "@pinia/nuxt": {
          "optional": true
        },
        "pinia": {
          "optional": true
        }
      }
    },
    "node_modules/xe-utils": {
      "version": "3.7.5",
      "resolved": "https://registry.npmmirror.com/xe-utils/-/xe-utils-3.7.5.tgz",
      "integrity": "sha512-wDjqnXw02EQxf2jqlE1nhvT9HP3PDVcyrol5whDJN/NOvnMyXIzcwEiPB/H2T3aq07f2QQXsSs4Z8g5L3BVH5A==",
      "license": "MIT"
    }
  }
}
